
Microsoft Visual Studio Solution File, Format Version 12.00
# Visual Studio Version 16
VisualStudioVersion = 16.0.31205.134
MinimumVisualStudioVersion = 10.0.40219.1
Project("{FAE04EC0-301F-11D3-BF4B-00C04F79EFBC}") = "Entidades", "Entidades\Entidades.csproj", "{D0521E24-9527-445A-BB6A-9E87FC473CE1}"
EndProject
Project("{FAE04EC0-301F-11D3-BF4B-00C04F79EFBC}") = "MiCalculadora", "Calculadora\MiCalculadora.csproj", "{A5E8E9E8-0CAD-4265-89E3-03C4CEBB80A0}"
EndProject
Global
	GlobalSection(SolutionConfigurationPlatforms) = preSolution
		Debug|Any CPU = Debug|Any CPU
		Release|Any CPU = Release|Any CPU
	EndGlobalSection
	GlobalSection(ProjectConfigurationPlatforms) = postSolution
		{D0521E24-9527-445A-BB6A-9E87FC473CE1}.Debug|Any CPU.ActiveCfg = Debug|Any CPU
		{D0521E24-9527-445A-BB6A-9E87FC473CE1}.Debug|Any CPU.Build.0 = Debug|Any CPU
		{D0521E24-9527-445A-BB6A-9E87FC473CE1}.Release|Any CPU.ActiveCfg = Release|Any CPU
		{D0521E24-9527-445A-BB6A-9E87FC473CE1}.Release|Any CPU.Build.0 = Release|Any CPU
		{A5E8E9E8-0CAD-4265-89E3-03C4CEBB80A0}.Debug|Any CPU.ActiveCfg = Debug|Any CPU
		{A5E8E9E8-0CAD-4265-89E3-03C4CEBB80A0}.Debug|Any CPU.Build.0 = Debug|Any CPU
		{A5E8E9E8-0CAD-4265-89E3-03C4CEBB80A0}.Release|Any CPU.ActiveCfg = Release|Any CPU
		{A5E8E9E8-0CAD-4265-89E3-03C4CEBB80A0}.Release|Any CPU.Build.0 = Release|Any CPU
	EndGlobalSection
	GlobalSection(SolutionProperties) = preSolution
		HideSolutionNode = FALSE
	EndGlobalSection
	GlobalSection(ExtensibilityGlobals) = postSolution
		SolutionGuid = {8576FE5D-FCD6-40AA-9182-E8E94818A4C1}
	EndGlobalSection
EndGlobal
